<?xml version="1.0" encoding="utf-8"?>
<Project ToolsVersion="4.0" xmlns="http://schemas.microsoft.com/developer/msbuild/2003">
  <ItemGroup>
    <ClCompile Include="..\source\texture.c">
      <Filter>Source Files</Filter>
    </ClCompile>
    <ClCompile Include="..\source\tcbm.c">
      <Filter>Source Files</Filter>
    </ClCompile>
    <ClCompile Include="..\source\symbols.c">
      <Filter>Source Files</Filter>
    </ClCompile>
    <ClCompile Include="..\source\main.c">
      <Filter>Source Files</Filter>
    </ClCompile>
    <ClCompile Include="..\source\glwnd.c">
      <Filter>Source Files</Filter>
    </ClCompile>
    <ClCompile Include="..\source\game.c">
      <Filter>Source Files</Filter>
    </ClCompile>
    <ClCompile Include="..\source\font.c">
      <Filter>Source Files</Filter>
    </ClCompile>
    <ClCompile Include="..\source\vars.c">
      <Filter>Source Files</Filter>
    </ClCompile>
  </ItemGroup>
  <ItemGroup>
    <ClInclude Include="..\source\common.h">
      <Filter>Header Files</Filter>
    </ClInclude>
    <ClInclude Include="..\source\font.h">
      <Filter>Header Files</Filter>
    </ClInclude>
    <ClInclude Include="..\source\game.h">
      <Filter>Header Files</Filter>
    </ClInclude>
    <ClInclude Include="..\source\glwnd.h">
      <Filter>Header Files</Filter>
    </ClInclude>
    <ClInclude Include="..\source\symbols.h">
      <Filter>Header Files</Filter>
    </ClInclude>
    <ClInclude Include="..\source\tcbm.h">
      <Filter>Header Files</Filter>
    </ClInclude>
    <ClInclude Include="..\source\texture.h">
      <Filter>Header Files</Filter>
    </ClInclude>
    <ClInclude Include="..\source\vars.h">
      <Filter>Header Files</Filter>
    </ClInclude>
  </ItemGroup>
  <ItemGroup>
    <Filter Include="Source Files">
      <UniqueIdentifier>{f1ed7bbd-84a4-428a-9738-6c582bcfd40e}</UniqueIdentifier>
    </Filter>
    <Filter Include="Header Files">
      <UniqueIdentifier>{99bfdd7b-4798-4a12-9a74-01dfb64b9fed}</UniqueIdentifier>
    </Filter>
    <Filter Include="Other Files">
      <UniqueIdentifier>{413b7801-5bfc-4923-9731-e8d50c58b6f3}</UniqueIdentifier>
    </Filter>
  </ItemGroup>
  <ItemGroup>
    <Text Include="..\ReadMe.txt">
      <Filter>Other Files</Filter>
    </Text>
  </ItemGroup>
</Project>